
Microsoft Visual Studio Solution File, Format Version 11.00
# Visual Studio 2010
Project("{FAE04EC0-301F-11D3-BF4B-00C04F79EFBC}") = "UnityEngine.UI", "UnityEngine.UI.csproj", "{e11978e4-231c-96c6-dda5-94f2100bfcc7}"
EndProject
Project("{FAE04EC0-301F-11D3-BF4B-00C04F79EFBC}") = "Assembly-CSharp", "Assembly-CSharp.csproj", "{e66bc89a-3f65-8024-565a-88bc9baaf973}"
EndProject
Project("{FAE04EC0-301F-11D3-BF4B-00C04F79EFBC}") = "UnityEditor.UI", "UnityEditor.UI.csproj", "{6fa022c1-f38a-5813-9981-93505864c7e8}"
EndProject
Global
	GlobalSection(SolutionConfigurationPlatforms) = preSolution
		Debug|Any CPU = Debug|Any CPU
	EndGlobalSection
	GlobalSection(ProjectConfigurationPlatforms) = postSolution
		{e11978e4-231c-96c6-dda5-94f2100bfcc7}.Debug|Any CPU.ActiveCfg = Debug|Any CPU
		{e11978e4-231c-96c6-dda5-94f2100bfcc7}.Debug|Any CPU.Build.0 = Debug|Any CPU
		{e66bc89a-3f65-8024-565a-88bc9baaf973}.Debug|Any CPU.ActiveCfg = Debug|Any CPU
		{e66bc89a-3f65-8024-565a-88bc9baaf973}.Debug|Any CPU.Build.0 = Debug|Any CPU
		{6fa022c1-f38a-5813-9981-93505864c7e8}.Debug|Any CPU.ActiveCfg = Debug|Any CPU
		{6fa022c1-f38a-5813-9981-93505864c7e8}.Debug|Any CPU.Build.0 = Debug|Any CPU
	EndGlobalSection
	GlobalSection(SolutionProperties) = preSolution
		HideSolutionNode = FALSE
	EndGlobalSection
EndGlobal
